
Microsoft Visual Studio Solution File, Format Version 12.00
# Visual Studio Version 16
VisualStudioVersion = 16.0.30717.126
MinimumVisualStudioVersion = 10.0.40219.1
Project("{8BC9CEB8-8B4A-11D0-8D11-00A0C91BC942}") = "test.3.3", "test.3.3.vcxproj", "{CA1FE4B5-008B-40EF-9E6F-0AC360977A45}"
EndProject
Global
	GlobalSection(SolutionConfigurationPlatforms) = preSolution
		Debug|x64 = Debug|x64
		Debug|x86 = Debug|x86
		Release|x64 = Release|x64
		Release|x86 = Release|x86
	EndGlobalSection
	GlobalSection(ProjectConfigurationPlatforms) = postSolution
		{CA1FE4B5-008B-40EF-9E6F-0AC360977A45}.Debug|x64.ActiveCfg = Debug|x64
		{CA1FE4B5-008B-40EF-9E6F-0AC360977A45}.Debug|x64.Build.0 = Debug|x64
		{CA1FE4B5-008B-40EF-9E6F-0AC360977A45}.Debug|x86.ActiveCfg = Debug|Win32
		{CA1FE4B5-008B-40EF-9E6F-0AC360977A45}.Debug|x86.Build.0 = Debug|Win32
		{CA1FE4B5-008B-40EF-9E6F-0AC360977A45}.Release|x64.ActiveCfg = Release|x64
		{CA1FE4B5-008B-40EF-9E6F-0AC360977A45}.Release|x64.Build.0 = Release|x64
		{CA1FE4B5-008B-40EF-9E6F-0AC360977A45}.Release|x86.ActiveCfg = Release|Win32
		{CA1FE4B5-008B-40EF-9E6F-0AC360977A45}.Release|x86.Build.0 = Release|Win32
	EndGlobalSection
	GlobalSection(SolutionProperties) = preSolution
		HideSolutionNode = FALSE
	EndGlobalSection
	GlobalSection(ExtensibilityGlobals) = postSolution
		SolutionGuid = {5041874B-8226-4D61-964C-F103C923629D}
	EndGlobalSection
EndGlobal
