
Microsoft Visual Studio Solution File, Format Version 12.00
# Visual Studio Version 16
VisualStudioVersion = 16.0.30717.126
MinimumVisualStudioVersion = 10.0.40219.1
Project("{8BC9CEB8-8B4A-11D0-8D11-00A0C91BC942}") = "三子棋", "三子棋\三子棋.vcxproj", "{951AE1A3-43E7-4DE1-B4A5-69995FE455B3}"
EndProject
Global
	GlobalSection(SolutionConfigurationPlatforms) = preSolution
		Debug|x64 = Debug|x64
		Debug|x86 = Debug|x86
		Release|x64 = Release|x64
		Release|x86 = Release|x86
	EndGlobalSection
	GlobalSection(ProjectConfigurationPlatforms) = postSolution
		{951AE1A3-43E7-4DE1-B4A5-69995FE455B3}.Debug|x64.ActiveCfg = Debug|x64
		{951AE1A3-43E7-4DE1-B4A5-69995FE455B3}.Debug|x64.Build.0 = Debug|x64
		{951AE1A3-43E7-4DE1-B4A5-69995FE455B3}.Debug|x86.ActiveCfg = Debug|Win32
		{951AE1A3-43E7-4DE1-B4A5-69995FE455B3}.Debug|x86.Build.0 = Debug|Win32
		{951AE1A3-43E7-4DE1-B4A5-69995FE455B3}.Release|x64.ActiveCfg = Release|x64
		{951AE1A3-43E7-4DE1-B4A5-69995FE455B3}.Release|x64.Build.0 = Release|x64
		{951AE1A3-43E7-4DE1-B4A5-69995FE455B3}.Release|x86.ActiveCfg = Release|Win32
		{951AE1A3-43E7-4DE1-B4A5-69995FE455B3}.Release|x86.Build.0 = Release|Win32
	EndGlobalSection
	GlobalSection(SolutionProperties) = preSolution
		HideSolutionNode = FALSE
	EndGlobalSection
	GlobalSection(ExtensibilityGlobals) = postSolution
		SolutionGuid = {6A2F3B88-CD87-445E-8E8B-6747E53CF6AD}
	EndGlobalSection
EndGlobal
